
Microsoft Visual Studio Solution File, Format Version 12.00
# Visual Studio 14
VisualStudioVersion = 14.0.23107.0
MinimumVisualStudioVersion = 10.0.40219.1
Project("{FAE04EC0-301F-11D3-BF4B-00C04F79EFBC}") = "Communitel", "Communitel\Communitel.csproj", "{DBAC0F93-FD2F-4923-A6FA-7A463FF7544B}"
EndProject
Project("{FAE04EC0-301F-11D3-BF4B-00C04F79EFBC}") = "Communitel.Product", "Communitel.Product\Communitel.Product.csproj", "{65ED6FF2-5746-41F4-A6CA-AEBCC46E4572}"
EndProject
Project("{FAE04EC0-301F-11D3-BF4B-00C04F79EFBC}") = "Communitel.Common", "Communitel.Common\Communitel.Common.csproj", "{3DA94798-CC36-4ED9-8E51-D4BBD5FDF206}"
EndProject
Project("{FAE04EC0-301F-11D3-BF4B-00C04F79EFBC}") = "Communitel.User", "Communitel.User\Communitel.User.csproj", "{8C808453-005B-451D-808F-C25C2DCFEBB7}"
EndProject
Project("{FAE04EC0-301F-11D3-BF4B-00C04F79EFBC}") = "Communitel.CheckIn", "Communitel.CheckIn\Communitel.CheckIn.csproj", "{6B0EC326-592F-4C6B-BF3E-EC0185668C1D}"
EndProject
Project("{FAE04EC0-301F-11D3-BF4B-00C04F79EFBC}") = "Communitel.OrderLookup", "Communitel.OrderLookup\Communitel.OrderLookup.csproj", "{3D99426F-C224-40BA-B40C-2E7BD40E9657}"
EndProject
Global
	GlobalSection(SolutionConfigurationPlatforms) = preSolution
		Debug|Any CPU = Debug|Any CPU
		Release|Any CPU = Release|Any CPU
	EndGlobalSection
	GlobalSection(ProjectConfigurationPlatforms) = postSolution
		{DBAC0F93-FD2F-4923-A6FA-7A463FF7544B}.Debug|Any CPU.ActiveCfg = Debug|Any CPU
		{DBAC0F93-FD2F-4923-A6FA-7A463FF7544B}.Debug|Any CPU.Build.0 = Debug|Any CPU
		{DBAC0F93-FD2F-4923-A6FA-7A463FF7544B}.Release|Any CPU.ActiveCfg = Release|Any CPU
		{DBAC0F93-FD2F-4923-A6FA-7A463FF7544B}.Release|Any CPU.Build.0 = Release|Any CPU
		{65ED6FF2-5746-41F4-A6CA-AEBCC46E4572}.Debug|Any CPU.ActiveCfg = Debug|Any CPU
		{65ED6FF2-5746-41F4-A6CA-AEBCC46E4572}.Debug|Any CPU.Build.0 = Debug|Any CPU
		{65ED6FF2-5746-41F4-A6CA-AEBCC46E4572}.Release|Any CPU.ActiveCfg = Release|Any CPU
		{65ED6FF2-5746-41F4-A6CA-AEBCC46E4572}.Release|Any CPU.Build.0 = Release|Any CPU
		{3DA94798-CC36-4ED9-8E51-D4BBD5FDF206}.Debug|Any CPU.ActiveCfg = Debug|Any CPU
		{3DA94798-CC36-4ED9-8E51-D4BBD5FDF206}.Debug|Any CPU.Build.0 = Debug|Any CPU
		{3DA94798-CC36-4ED9-8E51-D4BBD5FDF206}.Release|Any CPU.ActiveCfg = Release|Any CPU
		{3DA94798-CC36-4ED9-8E51-D4BBD5FDF206}.Release|Any CPU.Build.0 = Release|Any CPU
		{8C808453-005B-451D-808F-C25C2DCFEBB7}.Debug|Any CPU.ActiveCfg = Debug|Any CPU
		{8C808453-005B-451D-808F-C25C2DCFEBB7}.Debug|Any CPU.Build.0 = Debug|Any CPU
		{8C808453-005B-451D-808F-C25C2DCFEBB7}.Release|Any CPU.ActiveCfg = Release|Any CPU
		{8C808453-005B-451D-808F-C25C2DCFEBB7}.Release|Any CPU.Build.0 = Release|Any CPU
		{6B0EC326-592F-4C6B-BF3E-EC0185668C1D}.Debug|Any CPU.ActiveCfg = Debug|Any CPU
		{6B0EC326-592F-4C6B-BF3E-EC0185668C1D}.Debug|Any CPU.Build.0 = Debug|Any CPU
		{6B0EC326-592F-4C6B-BF3E-EC0185668C1D}.Release|Any CPU.ActiveCfg = Release|Any CPU
		{6B0EC326-592F-4C6B-BF3E-EC0185668C1D}.Release|Any CPU.Build.0 = Release|Any CPU
		{3D99426F-C224-40BA-B40C-2E7BD40E9657}.Debug|Any CPU.ActiveCfg = Debug|Any CPU
		{3D99426F-C224-40BA-B40C-2E7BD40E9657}.Debug|Any CPU.Build.0 = Debug|Any CPU
		{3D99426F-C224-40BA-B40C-2E7BD40E9657}.Release|Any CPU.ActiveCfg = Release|Any CPU
		{3D99426F-C224-40BA-B40C-2E7BD40E9657}.Release|Any CPU.Build.0 = Release|Any CPU
	EndGlobalSection
	GlobalSection(SolutionProperties) = preSolution
		HideSolutionNode = FALSE
	EndGlobalSection
EndGlobal
